
Microsoft Visual Studio Solution File, Format Version 12.00
# Visual Studio Version 17
VisualStudioVersion = 17.4.33110.190
MinimumVisualStudioVersion = 10.0.40219.1
Project("{FAE04EC0-301F-11D3-BF4B-00C04F79EFBC}") = "SwaggerJson", "SwaggerJson\SwaggerJson.csproj", "{91DED3A8-AFF3-4020-94F4-111AD3AFC0DD}"
EndProject
Global
	GlobalSection(SolutionConfigurationPlatforms) = preSolution
		Debug|Any CPU = Debug|Any CPU
		Release|Any CPU = Release|Any CPU
	EndGlobalSection
	GlobalSection(ProjectConfigurationPlatforms) = postSolution
		{91DED3A8-AFF3-4020-94F4-111AD3AFC0DD}.Debug|Any CPU.ActiveCfg = Debug|Any CPU
		{91DED3A8-AFF3-4020-94F4-111AD3AFC0DD}.Debug|Any CPU.Build.0 = Debug|Any CPU
		{91DED3A8-AFF3-4020-94F4-111AD3AFC0DD}.Release|Any CPU.ActiveCfg = Release|Any CPU
		{91DED3A8-AFF3-4020-94F4-111AD3AFC0DD}.Release|Any CPU.Build.0 = Release|Any CPU
	EndGlobalSection
	GlobalSection(SolutionProperties) = preSolution
		HideSolutionNode = FALSE
	EndGlobalSection
	GlobalSection(ExtensibilityGlobals) = postSolution
		SolutionGuid = {80E200CD-3B9C-4093-8918-9D50FEC852EE}
	EndGlobalSection
EndGlobal
